
Microsoft Visual Studio Solution File, Format Version 12.00
# Visual Studio 14
VisualStudioVersion = 14.0.24720.0
MinimumVisualStudioVersion = 10.0.40219.1
Project("{FAE04EC0-301F-11D3-BF4B-00C04F79EFBC}") = "CardHelper", "CardHelper\CardHelper.csproj", "{AFCC9DE5-F4A1-427D-A92C-F041FF791796}"
EndProject
Project("{FAE04EC0-301F-11D3-BF4B-00C04F79EFBC}") = "BL", "BL\BL.csproj", "{CFBC7CE2-A4B6-4556-B8AB-FCC39537B826}"
EndProject
Project("{2150E333-8FDC-42A3-9474-1A3956D46DE8}") = "Helpers", "Helpers", "{3505F893-CDA9-4B4F-8C78-5C9A7DA70D90}"
EndProject
Project("{FAE04EC0-301F-11D3-BF4B-00C04F79EFBC}") = "Web", "Web\Web.csproj", "{DA51489E-AC25-4D61-8000-ACEA45EE5350}"
	ProjectSection(ProjectDependencies) = postProject
		{E88543CE-8281-42F4-9EE7-491FF70BB9B3} = {E88543CE-8281-42F4-9EE7-491FF70BB9B3}
	EndProjectSection
EndProject
Project("{FAE04EC0-301F-11D3-BF4B-00C04F79EFBC}") = "WcfService", "WcfService\WcfService.csproj", "{E88543CE-8281-42F4-9EE7-491FF70BB9B3}"
EndProject
Project("{FAE04EC0-301F-11D3-BF4B-00C04F79EFBC}") = "Common", "Common\Common.csproj", "{CD8458D0-9E15-4CA7-8A25-671C738A02B4}"
EndProject
Project("{FAE04EC0-301F-11D3-BF4B-00C04F79EFBC}") = "DAL.WCF", "DAL.WCF\DAL.WCF.csproj", "{7F7B92DE-783F-4366-8FD9-D2409A8315C4}"
	ProjectSection(ProjectDependencies) = postProject
		{E88543CE-8281-42F4-9EE7-491FF70BB9B3} = {E88543CE-8281-42F4-9EE7-491FF70BB9B3}
	EndProjectSection
EndProject
Global
	GlobalSection(SolutionConfigurationPlatforms) = preSolution
		Debug|Any CPU = Debug|Any CPU
		Debug|ARM = Debug|ARM
		Debug|x64 = Debug|x64
		Debug|x86 = Debug|x86
		Release|Any CPU = Release|Any CPU
		Release|ARM = Release|ARM
		Release|x64 = Release|x64
		Release|x86 = Release|x86
	EndGlobalSection
	GlobalSection(ProjectConfigurationPlatforms) = postSolution
		{AFCC9DE5-F4A1-427D-A92C-F041FF791796}.Debug|Any CPU.ActiveCfg = Debug|Any CPU
		{AFCC9DE5-F4A1-427D-A92C-F041FF791796}.Debug|Any CPU.Build.0 = Debug|Any CPU
		{AFCC9DE5-F4A1-427D-A92C-F041FF791796}.Debug|ARM.ActiveCfg = Debug|Any CPU
		{AFCC9DE5-F4A1-427D-A92C-F041FF791796}.Debug|ARM.Build.0 = Debug|Any CPU
		{AFCC9DE5-F4A1-427D-A92C-F041FF791796}.Debug|x64.ActiveCfg = Debug|Any CPU
		{AFCC9DE5-F4A1-427D-A92C-F041FF791796}.Debug|x64.Build.0 = Debug|Any CPU
		{AFCC9DE5-F4A1-427D-A92C-F041FF791796}.Debug|x86.ActiveCfg = Debug|Any CPU
		{AFCC9DE5-F4A1-427D-A92C-F041FF791796}.Debug|x86.Build.0 = Debug|Any CPU
		{AFCC9DE5-F4A1-427D-A92C-F041FF791796}.Release|Any CPU.ActiveCfg = Release|Any CPU
		{AFCC9DE5-F4A1-427D-A92C-F041FF791796}.Release|Any CPU.Build.0 = Release|Any CPU
		{AFCC9DE5-F4A1-427D-A92C-F041FF791796}.Release|ARM.ActiveCfg = Release|Any CPU
		{AFCC9DE5-F4A1-427D-A92C-F041FF791796}.Release|ARM.Build.0 = Release|Any CPU
		{AFCC9DE5-F4A1-427D-A92C-F041FF791796}.Release|x64.ActiveCfg = Release|Any CPU
		{AFCC9DE5-F4A1-427D-A92C-F041FF791796}.Release|x64.Build.0 = Release|Any CPU
		{AFCC9DE5-F4A1-427D-A92C-F041FF791796}.Release|x86.ActiveCfg = Release|Any CPU
		{AFCC9DE5-F4A1-427D-A92C-F041FF791796}.Release|x86.Build.0 = Release|Any CPU
		{CFBC7CE2-A4B6-4556-B8AB-FCC39537B826}.Debug|Any CPU.ActiveCfg = Debug|Any CPU
		{CFBC7CE2-A4B6-4556-B8AB-FCC39537B826}.Debug|Any CPU.Build.0 = Debug|Any CPU
		{CFBC7CE2-A4B6-4556-B8AB-FCC39537B826}.Debug|ARM.ActiveCfg = Debug|Any CPU
		{CFBC7CE2-A4B6-4556-B8AB-FCC39537B826}.Debug|ARM.Build.0 = Debug|Any CPU
		{CFBC7CE2-A4B6-4556-B8AB-FCC39537B826}.Debug|x64.ActiveCfg = Debug|Any CPU
		{CFBC7CE2-A4B6-4556-B8AB-FCC39537B826}.Debug|x64.Build.0 = Debug|Any CPU
		{CFBC7CE2-A4B6-4556-B8AB-FCC39537B826}.Debug|x86.ActiveCfg = Debug|Any CPU
		{CFBC7CE2-A4B6-4556-B8AB-FCC39537B826}.Debug|x86.Build.0 = Debug|Any CPU
		{CFBC7CE2-A4B6-4556-B8AB-FCC39537B826}.Release|Any CPU.ActiveCfg = Release|Any CPU
		{CFBC7CE2-A4B6-4556-B8AB-FCC39537B826}.Release|Any CPU.Build.0 = Release|Any CPU
		{CFBC7CE2-A4B6-4556-B8AB-FCC39537B826}.Release|ARM.ActiveCfg = Release|Any CPU
		{CFBC7CE2-A4B6-4556-B8AB-FCC39537B826}.Release|ARM.Build.0 = Release|Any CPU
		{CFBC7CE2-A4B6-4556-B8AB-FCC39537B826}.Release|x64.ActiveCfg = Release|Any CPU
		{CFBC7CE2-A4B6-4556-B8AB-FCC39537B826}.Release|x64.Build.0 = Release|Any CPU
		{CFBC7CE2-A4B6-4556-B8AB-FCC39537B826}.Release|x86.ActiveCfg = Release|Any CPU
		{CFBC7CE2-A4B6-4556-B8AB-FCC39537B826}.Release|x86.Build.0 = Release|Any CPU
		{DA51489E-AC25-4D61-8000-ACEA45EE5350}.Debug|Any CPU.ActiveCfg = Debug|Any CPU
		{DA51489E-AC25-4D61-8000-ACEA45EE5350}.Debug|Any CPU.Build.0 = Debug|Any CPU
		{DA51489E-AC25-4D61-8000-ACEA45EE5350}.Debug|ARM.ActiveCfg = Debug|Any CPU
		{DA51489E-AC25-4D61-8000-ACEA45EE5350}.Debug|ARM.Build.0 = Debug|Any CPU
		{DA51489E-AC25-4D61-8000-ACEA45EE5350}.Debug|x64.ActiveCfg = Debug|Any CPU
		{DA51489E-AC25-4D61-8000-ACEA45EE5350}.Debug|x64.Build.0 = Debug|Any CPU
		{DA51489E-AC25-4D61-8000-ACEA45EE5350}.Debug|x86.ActiveCfg = Debug|Any CPU
		{DA51489E-AC25-4D61-8000-ACEA45EE5350}.Debug|x86.Build.0 = Debug|Any CPU
		{DA51489E-AC25-4D61-8000-ACEA45EE5350}.Release|Any CPU.ActiveCfg = Release|Any CPU
		{DA51489E-AC25-4D61-8000-ACEA45EE5350}.Release|Any CPU.Build.0 = Release|Any CPU
		{DA51489E-AC25-4D61-8000-ACEA45EE5350}.Release|ARM.ActiveCfg = Release|Any CPU
		{DA51489E-AC25-4D61-8000-ACEA45EE5350}.Release|ARM.Build.0 = Release|Any CPU
		{DA51489E-AC25-4D61-8000-ACEA45EE5350}.Release|x64.ActiveCfg = Release|Any CPU
		{DA51489E-AC25-4D61-8000-ACEA45EE5350}.Release|x64.Build.0 = Release|Any CPU
		{DA51489E-AC25-4D61-8000-ACEA45EE5350}.Release|x86.ActiveCfg = Release|Any CPU
		{DA51489E-AC25-4D61-8000-ACEA45EE5350}.Release|x86.Build.0 = Release|Any CPU
		{E88543CE-8281-42F4-9EE7-491FF70BB9B3}.Debug|Any CPU.ActiveCfg = Debug|Any CPU
		{E88543CE-8281-42F4-9EE7-491FF70BB9B3}.Debug|Any CPU.Build.0 = Debug|Any CPU
		{E88543CE-8281-42F4-9EE7-491FF70BB9B3}.Debug|ARM.ActiveCfg = Debug|Any CPU
		{E88543CE-8281-42F4-9EE7-491FF70BB9B3}.Debug|ARM.Build.0 = Debug|Any CPU
		{E88543CE-8281-42F4-9EE7-491FF70BB9B3}.Debug|x64.ActiveCfg = Debug|Any CPU
		{E88543CE-8281-42F4-9EE7-491FF70BB9B3}.Debug|x64.Build.0 = Debug|Any CPU
		{E88543CE-8281-42F4-9EE7-491FF70BB9B3}.Debug|x86.ActiveCfg = Debug|Any CPU
		{E88543CE-8281-42F4-9EE7-491FF70BB9B3}.Debug|x86.Build.0 = Debug|Any CPU
		{E88543CE-8281-42F4-9EE7-491FF70BB9B3}.Release|Any CPU.ActiveCfg = Release|Any CPU
		{E88543CE-8281-42F4-9EE7-491FF70BB9B3}.Release|Any CPU.Build.0 = Release|Any CPU
		{E88543CE-8281-42F4-9EE7-491FF70BB9B3}.Release|ARM.ActiveCfg = Release|Any CPU
		{E88543CE-8281-42F4-9EE7-491FF70BB9B3}.Release|ARM.Build.0 = Release|Any CPU
		{E88543CE-8281-42F4-9EE7-491FF70BB9B3}.Release|x64.ActiveCfg = Release|Any CPU
		{E88543CE-8281-42F4-9EE7-491FF70BB9B3}.Release|x64.Build.0 = Release|Any CPU
		{E88543CE-8281-42F4-9EE7-491FF70BB9B3}.Release|x86.ActiveCfg = Release|Any CPU
		{E88543CE-8281-42F4-9EE7-491FF70BB9B3}.Release|x86.Build.0 = Release|Any CPU
		{CD8458D0-9E15-4CA7-8A25-671C738A02B4}.Debug|Any CPU.ActiveCfg = Debug|Any CPU
		{CD8458D0-9E15-4CA7-8A25-671C738A02B4}.Debug|Any CPU.Build.0 = Debug|Any CPU
		{CD8458D0-9E15-4CA7-8A25-671C738A02B4}.Debug|ARM.ActiveCfg = Debug|Any CPU
		{CD8458D0-9E15-4CA7-8A25-671C738A02B4}.Debug|ARM.Build.0 = Debug|Any CPU
		{CD8458D0-9E15-4CA7-8A25-671C738A02B4}.Debug|x64.ActiveCfg = Debug|Any CPU
		{CD8458D0-9E15-4CA7-8A25-671C738A02B4}.Debug|x64.Build.0 = Debug|Any CPU
		{CD8458D0-9E15-4CA7-8A25-671C738A02B4}.Debug|x86.ActiveCfg = Debug|Any CPU
		{CD8458D0-9E15-4CA7-8A25-671C738A02B4}.Debug|x86.Build.0 = Debug|Any CPU
		{CD8458D0-9E15-4CA7-8A25-671C738A02B4}.Release|Any CPU.ActiveCfg = Release|Any CPU
		{CD8458D0-9E15-4CA7-8A25-671C738A02B4}.Release|Any CPU.Build.0 = Release|Any CPU
		{CD8458D0-9E15-4CA7-8A25-671C738A02B4}.Release|ARM.ActiveCfg = Release|Any CPU
		{CD8458D0-9E15-4CA7-8A25-671C738A02B4}.Release|ARM.Build.0 = Release|Any CPU
		{CD8458D0-9E15-4CA7-8A25-671C738A02B4}.Release|x64.ActiveCfg = Release|Any CPU
		{CD8458D0-9E15-4CA7-8A25-671C738A02B4}.Release|x64.Build.0 = Release|Any CPU
		{CD8458D0-9E15-4CA7-8A25-671C738A02B4}.Release|x86.ActiveCfg = Release|Any CPU
		{CD8458D0-9E15-4CA7-8A25-671C738A02B4}.Release|x86.Build.0 = Release|Any CPU
		{7F7B92DE-783F-4366-8FD9-D2409A8315C4}.Debug|Any CPU.ActiveCfg = Debug|Any CPU
		{7F7B92DE-783F-4366-8FD9-D2409A8315C4}.Debug|Any CPU.Build.0 = Debug|Any CPU
		{7F7B92DE-783F-4366-8FD9-D2409A8315C4}.Debug|ARM.ActiveCfg = Debug|Any CPU
		{7F7B92DE-783F-4366-8FD9-D2409A8315C4}.Debug|ARM.Build.0 = Debug|Any CPU
		{7F7B92DE-783F-4366-8FD9-D2409A8315C4}.Debug|x64.ActiveCfg = Debug|Any CPU
		{7F7B92DE-783F-4366-8FD9-D2409A8315C4}.Debug|x64.Build.0 = Debug|Any CPU
		{7F7B92DE-783F-4366-8FD9-D2409A8315C4}.Debug|x86.ActiveCfg = Debug|Any CPU
		{7F7B92DE-783F-4366-8FD9-D2409A8315C4}.Debug|x86.Build.0 = Debug|Any CPU
		{7F7B92DE-783F-4366-8FD9-D2409A8315C4}.Release|Any CPU.ActiveCfg = Release|Any CPU
		{7F7B92DE-783F-4366-8FD9-D2409A8315C4}.Release|Any CPU.Build.0 = Release|Any CPU
		{7F7B92DE-783F-4366-8FD9-D2409A8315C4}.Release|ARM.ActiveCfg = Release|Any CPU
		{7F7B92DE-783F-4366-8FD9-D2409A8315C4}.Release|ARM.Build.0 = Release|Any CPU
		{7F7B92DE-783F-4366-8FD9-D2409A8315C4}.Release|x64.ActiveCfg = Release|Any CPU
		{7F7B92DE-783F-4366-8FD9-D2409A8315C4}.Release|x64.Build.0 = Release|Any CPU
		{7F7B92DE-783F-4366-8FD9-D2409A8315C4}.Release|x86.ActiveCfg = Release|Any CPU
		{7F7B92DE-783F-4366-8FD9-D2409A8315C4}.Release|x86.Build.0 = Release|Any CPU
	EndGlobalSection
	GlobalSection(SolutionProperties) = preSolution
		HideSolutionNode = FALSE
	EndGlobalSection
	GlobalSection(NestedProjects) = preSolution
		{AFCC9DE5-F4A1-427D-A92C-F041FF791796} = {3505F893-CDA9-4B4F-8C78-5C9A7DA70D90}
	EndGlobalSection
	GlobalSection(ExtensibilityGlobals) = postSolution
		EnterpriseLibraryConfigurationToolBinariesPathV6 = packages\EnterpriseLibrary.TransientFaultHandling.6.0.1304.0\lib\portable-net45+win+wp8;packages\EnterpriseLibrary.TransientFaultHandling.Data.6.0.1304.1\lib\NET45
	EndGlobalSection
EndGlobal
